// !$*UTF8*$!
{
	archiveVersion = 1;
	classes = {
	};
	objectVersion = 46;
	objects = {

/* Begin PBXBuildFile section */
		8D60073B1A23584000A84840 /* AppDelegate.swift in Sources */ = {isa = PBXBuildFile; fileRef = 8D60073A1A23584000A84840 /* AppDelegate.swift */; };
		8D60073D1A23584000A84840 /* ViewController.swift in Sources */ = {isa = PBXBuildFile; fileRef = 8D60073C1A23584000A84840 /* ViewController.swift */; };
		8D6007401A23584000A84840 /* Main.storyboard in Resources */ = {isa = PBXBuildFile; fileRef = 8D60073E1A23584000A84840 /* Main.storyboard */; };
		8D6007421A23584000A84840 /* Images.xcassets in Resources */ = {isa = PBXBuildFile; fileRef = 8D6007411A23584000A84840 /* Images.xcassets */; };
		8D6007451A23584000A84840 /* LaunchScreen.xib in Resources */ = {isa = PBXBuildFile; fileRef = 8D6007431A23584000A84840 /* LaunchScreen.xib */; };
		8D6007511A23584000A84840 /* copipechanTests.swift in Sources */ = {isa = PBXBuildFile; fileRef = 8D6007501A23584000A84840 /* copipechanTests.swift */; };
/* End PBXBuildFile section */

/* Begin PBXContainerItemProxy section */
		8D60074B1A23584000A84840 /* PBXContainerItemProxy */ = {
			isa = PBXContainerItemProxy;
			containerPortal = 8D60072D1A23584000A84840 /* Project object */;
			proxyType = 1;
			remoteGlobalIDString = 8D6007341A23584000A84840;
			remoteInfo = copipechan;
		};
/* End PBXContainerItemProxy section */

/* Begin PBXFileReference section */
		8D6007351A23584000A84840 /* copipechan.app */ = {isa = PBXFileReference; explicitFileType = wrapper.application; includeInIndex = 0; path = copipechan.app; sourceTree = BUILT_PRODUCTS_DIR; };
		8D6007391A23584000A84840 /* Info.plist */ = {isa = PBXFileReference; lastKnownFileType = text.plist.xml; path = Info.plist; sourceTree = "<group>"; };
		8D60073A1A23584000A84840 /* AppDelegate.swift */ = {isa = PBXFileReference; lastKnownFileType = sourcecode.swift; path = AppDelegate.swift; sourceTree = "<group>"; };
		8D60073C1A23584000A84840 /* ViewController.swift */ = {isa = PBXFileReference; lastKnownFileType = sourcecode.swift; path = ViewController.swift; sourceTree = "<group>"; };
		8D60073F1A23584000A84840 /* Base */ = {isa = PBXFileReference; lastKnownFileType = file.storyboard; name = Base; path = Base.lproj/Main.storyboard; sourceTree = "<group>"; };
		8D6007411A23584000A84840 /* Images.xcassets */ = {isa = PBXFileReference; lastKnownFileType = folder.assetcatalog; path = Images.xcassets; sourceTree = "<group>"; };
		8D6007441A23584000A84840 /* Base */ = {isa = PBXFileReference; lastKnownFileType = file.xib; name = Base; path = Base.lproj/LaunchScreen.xib; sourceTree = "<group>"; };
		8D60074A1A23584000A84840 /* copipechanTests.xctest */ = {isa = PBXFileReference; explicitFileType = wrapper.cfbundle; includeInIndex = 0; path = copipechanTests.xctest; sourceTree = BUILT_PRODUCTS_DIR; };
		8D60074F1A23584000A84840 /* Info.plist */ = {isa = PBXFileReference; lastKnownFileType = text.plist.xml; path = Info.plist; sourceTree = "<group>"; };
		8D6007501A23584000A84840 /* copipechanTests.swift */ = {isa = PBXFileReference; lastKnownFileType = sourcecode.swift; path = copipechanTests.swift; sourceTree = "<group>"; };
/* End PBXFileReference section */

/* Begin PBXFrameworksBuildPhase section */
		8D6007321A23584000A84840 /* Frameworks */ = {
			isa = PBXFrameworksBuildPhase;
			buildActionMask = 2147483647;
			files = (
			);
			runOnlyForDeploymentPostprocessing = 0;
		};
		8D6007471A23584000A84840 /* Frameworks */ = {
			isa = PBXFrameworksBuildPhase;
			buildActionMask = 2147483647;
			files = (
			);
			runOnlyForDeploymentPostprocessing = 0;
		};
/* End PBXFrameworksBuildPhase section */

/* Begin PBXGroup section */
		8D60072C1A23584000A84840 = {
			isa = PBXGroup;
			children = (
				8D6007371A23584000A84840 /* copipechan */,
				8D60074D1A23584000A84840 /* copipechanTests */,
				8D6007361A23584000A84840 /* Products */,
			);
			sourceTree = "<group>";
		};
		8D6007361A23584000A84840 /* Products */ = {
			isa = PBXGroup;
			children = (
				8D6007351A23584000A84840 /* copipechan.app */,
				8D60074A1A23584000A84840 /* copipechanTests.xctest */,
			);
			name = Products;
			sourceTree = "<group>";
		};
		8D6007371A23584000A84840 /* copipechan */ = {
			isa = PBXGroup;
			children = (
				8D60073A1A23584000A84840 /* AppDelegate.swift */,
				8D60073C1A23584000A84840 /* ViewController.swift */,
				8D60073E1A23584000A84840 /* Main.storyboard */,
				8D6007411A23584000A84840 /* Images.xcassets */,
				8D6007431A23584000A84840 /* LaunchScreen.xib */,
				8D6007381A23584000A84840 /* Supporting Files */,
			);
			path = copipechan;
			sourceTree = "<group>";
		};
		8D6007381A23584000A84840 /* Supporting Files */ = {
			isa = PBXGroup;
			children = (
				8D6007391A23584000A84840 /* Info.plist */,
			);
			name = "Supporting Files";
			sourceTree = "<group>";
		};
		8D60074D1A23584000A84840 /* copipechanTests */ = {
			isa = PBXGroup;
			children = (
				8D6007501A23584000A84840 /* copipechanTests.swift */,
				8D60074E1A23584000A84840 /* Supporting Files */,
			);
			path = copipechanTests;
			sourceTree = "<group>";
		};
		8D60074E1A23584000A84840 /* Supporting Files */ = {
			isa = PBXGroup;
			children = (
				8D60074F1A23584000A84840 /* Info.plist */,
			);
			name = "Supporting Files";
			sourceTree = "<group>";
		};
/* End PBXGroup section */

/* Begin PBXNativeTarget section */
		8D6007341A23584000A84840 /* copipechan */ = {
			isa = PBXNativeTarget;
			buildConfigurationList = 8D6007541A23584000A84840 /* Build configuration list for PBXNativeTarget "copipechan" */;
			buildPhases = (
				8D6007311A23584000A84840 /* Sources */,
				8D6007321A23584000A84840 /* Frameworks */,
				8D6007331A23584000A84840 /* Resources */,
			);
			buildRules = (
			);
			dependencies = (
			);
			name = copipechan;
			productName = copipechan;
			productReference = 8D6007351A23584000A84840 /* copipechan.app */;
			productType = "com.apple.product-type.application";
		};
		8D6007491A23584000A84840 /* copipechanTests */ = {
			isa = PBXNativeTarget;
			buildConfigurationList = 8D6007571A23584000A84840 /* Build configuration list for PBXNativeTarget "copipechanTests" */;
			buildPhases = (
				8D6007461A23584000A84840 /* Sources */,
				8D6007471A23584000A84840 /* Frameworks */,
				8D6007481A23584000A84840 /* Resources */,
			);
			buildRules = (
			);
			dependencies = (
				8D60074C1A23584000A84840 /* PBXTargetDependency */,
			);
			name = copipechanTests;
			productName = copipechanTests;
			productReference = 8D60074A1A23584000A84840 /* copipechanTests.xctest */;
			productType = "com.apple.product-type.bundle.unit-test";
		};
/* End PBXNativeTarget section */

/* Begin PBXProject section */
		8D60072D1A23584000A84840 /* Project object */ = {
			isa = PBXProject;
			attributes = {
				LastUpgradeCheck = 0610;
				ORGANIZATIONNAME = yatemmma;
				TargetAttributes = {
					8D6007341A23584000A84840 = {
						CreatedOnToolsVersion = 6.1;
					};
					8D6007491A23584000A84840 = {
						CreatedOnToolsVersion = 6.1;
						TestTargetID = 8D6007341A23584000A84840;
					};
				};
			};
			buildConfigurationList = 8D6007301A23584000A84840 /* Build configuration list for PBXProject "copipechan" */;
			compatibilityVersion = "Xcode 3.2";
			developmentRegion = English;
			hasScannedForEncodings = 0;
			knownRegions = (
				en,
				Base,
			);
			mainGroup = 8D60072C1A23584000A84840;
			productRefGroup = 8D6007361A23584000A84840 /* Products */;
			projectDirPath = "";
			projectRoot = "";
			targets = (
				8D6007341A23584000A84840 /* copipechan */,
				8D6007491A23584000A84840 /* copipechanTests */,
			);
		};
/* End PBXProject section */

/* Begin PBXResourcesBuildPhase section */
		8D6007331A23584000A84840 /* Resources */ = {
			isa = PBXResourcesBuildPhase;
			buildActionMask = 2147483647;
			files = (
				8D6007401A23584000A84840 /* Main.storyboard in Resources */,
				8D6007451A23584000A84840 /* LaunchScreen.xib in Resources */,
				8D6007421A23584000A84840 /* Images.xcassets in Resources */,
			);
			runOnlyForDeploymentPostprocessing = 0;
		};
		8D6007481A23584000A84840 /* Resources */ = {
			isa = PBXResourcesBuildPhase;
			buildActionMask = 2147483647;
			files = (
			);
			runOnlyForDeploymentPostprocessing = 0;
		};
/* End PBXResourcesBuildPhase section */

/* Begin PBXSourcesBuildPhase section */
		8D6007311A23584000A84840 /* Sources */ = {
			isa = PBXSourcesBuildPhase;
			buildActionMask = 2147483647;
			files = (
				8D60073D1A23584000A84840 /* ViewController.swift in Sources */,
				8D60073B1A23584000A84840 /* AppDelegate.swift in Sources */,
			);
			runOnlyForDeploymentPostprocessing = 0;
		};
		8D6007461A23584000A84840 /* Sources */ = {
			isa = PBXSourcesBuildPhase;
			buildActionMask = 2147483647;
			files = (
				8D6007511A23584000A84840 /* copipechanTests.swift in Sources */,
			);
			runOnlyForDeploymentPostprocessing = 0;
		};
/* End PBXSourcesBuildPhase section */

/* Begin PBXTargetDependency section */
		8D60074C1A23584000A84840 /* PBXTargetDependency */ = {
			isa = PBXTargetDependency;
			target = 8D6007341A23584000A84840 /* copipechan */;
			targetProxy = 8D60074B1A23584000A84840 /* PBXContainerItemProxy */;
		};
/* End PBXTargetDependency section */

/* Begin PBXVariantGroup section */
		8D60073E1A23584000A84840 /* Main.storyboard */ = {
			isa = PBXVariantGroup;
			children = (
				8D60073F1A23584000A84840 /* Base */,
			);
			name = Main.storyboard;
			sourceTree = "<group>";
		};
		8D6007431A23584000A84840 /* LaunchScreen.xib */ = {
			isa = PBXVariantGroup;
			children = (
				8D6007441A23584000A84840 /* Base */,
			);
			name = LaunchScreen.xib;
			sourceTree = "<group>";
		};
/* End PBXVariantGroup section */

/* Begin XCBuildConfiguration section */
		8D6007521A23584000A84840 /* Debug */ = {
			isa = XCBuildConfiguration;
			buildSettings = {
				ALWAYS_SEARCH_USER_PATHS = NO;
				CLANG_CXX_LANGUAGE_STANDARD = "gnu++0x";
				CLANG_CXX_LIBRARY = "libc++";
				CLANG_ENABLE_MODULES = YES;
				CLANG_ENABLE_OBJC_ARC = YES;
				CLANG_WARN_BOOL_CONVERSION = YES;
				CLANG_WARN_CONSTANT_CONVERSION = YES;
				CLANG_WARN_DIRECT_OBJC_ISA_USAGE = YES_ERROR;
				CLANG_WARN_EMPTY_BODY = YES;
				CLANG_WARN_ENUM_CONVERSION = YES;
				CLANG_WARN_INT_CONVERSION = YES;
				CLANG_WARN_OBJC_ROOT_CLASS = YES_ERROR;
				CLANG_WARN_UNREACHABLE_CODE = YES;
				CLANG_WARN__DUPLICATE_METHOD_MATCH = YES;
				"CODE_SIGN_IDENTITY[sdk=iphoneos*]" = "iPhone Developer";
				COPY_PHASE_STRIP = NO;
				ENABLE_STRICT_OBJC_MSGSEND = YES;
				GCC_C_LANGUAGE_STANDARD = gnu99;
				GCC_DYNAMIC_NO_PIC = NO;
				GCC_OPTIMIZATION_LEVEL = 0;
				GCC_PREPROCESSOR_DEFINITIONS = (
					"DEBUG=1",
					"$(inherited)",
				);
				GCC_SYMBOLS_PRIVATE_EXTERN = NO;
				GCC_WARN_64_TO_32_BIT_CONVERSION = YES;
				GCC_WARN_ABOUT_RETURN_TYPE = YES_ERROR;
				GCC_WARN_UNDECLARED_SELECTOR = YES;
				GCC_WARN_UNINITIALIZED_AUTOS = YES_AGGRESSIVE;
				GCC_WARN_UNUSED_FUNCTION = YES;
				GCC_WARN_UNUSED_VARIABLE = YES;
				IPHONEOS_DEPLOYMENT_TARGET = 8.1;
				MTL_ENABLE_DEBUG_INFO = YES;
				ONLY_ACTIVE_ARCH = YES;
				SDKROOT = iphoneos;
				SWIFT_OPTIMIZATION_LEVEL = "-Onone";
				TARGETED_DEVICE_FAMILY = "1,2";
			};
			name = Debug;
		};
		8D6007531A23584000A84840 /* Release */ = {
			isa = XCBuildConfiguration;
			buildSettings = {
				ALWAYS_SEARCH_USER_PATHS = NO;
				CLANG_CXX_LANGUAGE_STANDARD = "gnu++0x";
				CLANG_CXX_LIBRARY = "libc++";
				CLANG_ENABLE_MODULES = YES;
				CLANG_ENABLE_OBJC_ARC = YES;
				CLANG_WARN_BOOL_CONVERSION = YES;
				CLANG_WARN_CONSTANT_CONVERSION = YES;
				CLANG_WARN_DIRECT_OBJC_ISA_USAGE = YES_ERROR;
				CLANG_WARN_EMPTY_BODY = YES;
				CLANG_WARN_ENUM_CONVERSION = YES;
				CLANG_WARN_INT_CONVERSION = YES;
				CLANG_WARN_OBJC_ROOT_CLASS = YES_ERROR;
				CLANG_WARN_UNREACHABLE_CODE = YES;
				CLANG_WARN__DUPLICATE_METHOD_MATCH = YES;
				"CODE_SIGN_IDENTITY[sdk=iphoneos*]" = "iPhone Developer";
				COPY_PHASE_STRIP = YES;
				ENABLE_NS_ASSERTIONS = NO;
				ENABLE_STRICT_OBJC_MSGSEND = YES;
				GCC_C_LANGUAGE_STANDARD = gnu99;
				GCC_WARN_64_TO_32_BIT_CONVERSION = YES;
				GCC_WARN_ABOUT_RETURN_TYPE = YES_ERROR;
				GCC_WARN_UNDECLARED_SELECTOR = YES;
				GCC_WARN_UNINITIALIZED_AUTOS = YES_AGGRESSIVE;
				GCC_WARN_UNUSED_FUNCTION = YES;
				GCC_WARN_UNUSED_VARIABLE = YES;
				IPHONEOS_DEPLOYMENT_TARGET = 8.1;
				MTL_ENABLE_DEBUG_INFO = NO;
				SDKROOT = iphoneos;
				TARGETED_DEVICE_FAMILY = "1,2";
				VALIDATE_PRODUCT = YES;
			};
			name = Release;
		};
		8D6007551A23584000A84840 /* Debug */ = {
			isa = XCBuildConfiguration;
			buildSettings = {
				ASSETCATALOG_COMPILER_APPICON_NAME = AppIcon;
				INFOPLIST_FILE = copipechan/Info.plist;
				LD_RUNPATH_SEARCH_PATHS = "$(inherited) @executable_path/Frameworks";
				PRODUCT_NAME = "$(TARGET_NAME)";
			};
			name = Debug;
		};
		8D6007561A23584000A84840 /* Release */ = {
			isa = XCBuildConfiguration;
			buildSettings = {
				ASSETCATALOG_COMPILER_APPICON_NAME = AppIcon;
				INFOPLIST_FILE = copipechan/Info.plist;
				LD_RUNPATH_SEARCH_PATHS = "$(inherited) @executable_path/Frameworks";
				PRODUCT_NAME = "$(TARGET_NAME)";
			};
			name = Release;
		};
		8D6007581A23584000A84840 /* Debug */ = {
			isa = XCBuildConfiguration;
			buildSettings = {
				BUNDLE_LOADER = "$(TEST_HOST)";
				FRAMEWORK_SEARCH_PATHS = (
					"$(SDKROOT)/Developer/Library/Frameworks",
					"$(inherited)",
				);
				GCC_PREPROCESSOR_DEFINITIONS = (
					"DEBUG=1",
					"$(inherited)",
				);
				INFOPLIST_FILE = copipechanTests/Info.plist;
				LD_RUNPATH_SEARCH_PATHS = "$(inherited) @executable_path/Frameworks @loader_path/Frameworks";
				PRODUCT_NAME = "$(TARGET_NAME)";
				TEST_HOST = "$(BUILT_PRODUCTS_DIR)/copipechan.app/copipechan";
			};
			name = Debug;
		};
		8D6007591A23584000A84840 /* Release */ = {
			isa = XCBuildConfiguration;
			buildSettings = {
				BUNDLE_LOADER = "$(TEST_HOST)";
				FRAMEWORK_SEARCH_PATHS = (
					"$(SDKROOT)/Developer/Library/Frameworks",
					"$(inherited)",
				);
				INFOPLIST_FILE = copipechanTests/Info.plist;
				LD_RUNPATH_SEARCH_PATHS = "$(inherited) @executable_path/Frameworks @loader_path/Frameworks";
				PRODUCT_NAME = "$(TARGET_NAME)";
				TEST_HOST = "$(BUILT_PRODUCTS_DIR)/copipechan.app/copipechan";
			};
			name = Release;
		};
/* End XCBuildConfiguration section */

/* Begin XCConfigurationList section */
		8D6007301A23584000A84840 /* Build configuration list for PBXProject "copipechan" */ = {
			isa = XCConfigurationList;
			buildConfigurations = (
				8D6007521A23584000A84840 /* Debug */,
				8D6007531A23584000A84840 /* Release */,
			);
			defaultConfigurationIsVisible = 0;
			defaultConfigurationName = Release;
		};
		8D6007541A23584000A84840 /* Build configuration list for PBXNativeTarget "copipechan" */ = {
			isa = XCConfigurationList;
			buildConfigurations = (
				8D6007551A23584000A84840 /* Debug */,
				8D6007561A23584000A84840 /* Release */,
			);
			defaultConfigurationIsVisible = 0;
		};
		8D6007571A23584000A84840 /* Build configuration list for PBXNativeTarget "copipechanTests" */ = {
			isa = XCConfigurationList;
			buildConfigurations = (
				8D6007581A23584000A84840 /* Debug */,
				8D6007591A23584000A84840 /* Release */,
			);
			defaultConfigurationIsVisible = 0;
		};
/* End XCConfigurationList section */
	};
	rootObject = 8D60072D1A23584000A84840 /* Project object */;
}
