// !$*UTF8*$!
{
	archiveVersion = 1;
	classes = {
	};
	objectVersion = 46;
	objects = {

/* Begin PBXBuildFile section */
		8D4ADFFB1A3098FC00ED02DD /* main.m in Sources */ = {isa = PBXBuildFile; fileRef = 8D4ADFFA1A3098FC00ED02DD /* main.m */; };
		8D4ADFFE1A3098FC00ED02DD /* AppDelegate.m in Sources */ = {isa = PBXBuildFile; fileRef = 8D4ADFFD1A3098FC00ED02DD /* AppDelegate.m */; };
		8D4AE0011A3098FC00ED02DD /* TextViewController.m in Sources */ = {isa = PBXBuildFile; fileRef = 8D4AE0001A3098FC00ED02DD /* TextViewController.m */; };
		8D4AE0041A3098FC00ED02DD /* Main.storyboard in Resources */ = {isa = PBXBuildFile; fileRef = 8D4AE0021A3098FC00ED02DD /* Main.storyboard */; };
		8D4AE0061A3098FC00ED02DD /* Images.xcassets in Resources */ = {isa = PBXBuildFile; fileRef = 8D4AE0051A3098FC00ED02DD /* Images.xcassets */; };
		8D4AE0091A3098FC00ED02DD /* LaunchScreen.xib in Resources */ = {isa = PBXBuildFile; fileRef = 8D4AE0071A3098FC00ED02DD /* LaunchScreen.xib */; };
		8D4AE0151A3098FC00ED02DD /* copipechanTests.m in Sources */ = {isa = PBXBuildFile; fileRef = 8D4AE0141A3098FC00ED02DD /* copipechanTests.m */; };
		8D4AE0201A30A0D000ED02DD /* TextManager.m in Sources */ = {isa = PBXBuildFile; fileRef = 8D4AE01F1A30A0D000ED02DD /* TextManager.m */; };
/* End PBXBuildFile section */

/* Begin PBXContainerItemProxy section */
		8D4AE00F1A3098FC00ED02DD /* PBXContainerItemProxy */ = {
			isa = PBXContainerItemProxy;
			containerPortal = 8D4ADFED1A3098FB00ED02DD /* Project object */;
			proxyType = 1;
			remoteGlobalIDString = 8D4ADFF41A3098FB00ED02DD;
			remoteInfo = copipechan;
		};
/* End PBXContainerItemProxy section */

/* Begin PBXFileReference section */
		8D4ADFF51A3098FC00ED02DD /* copipechan.app */ = {isa = PBXFileReference; explicitFileType = wrapper.application; includeInIndex = 0; path = copipechan.app; sourceTree = BUILT_PRODUCTS_DIR; };
		8D4ADFF91A3098FC00ED02DD /* Info.plist */ = {isa = PBXFileReference; lastKnownFileType = text.plist.xml; path = Info.plist; sourceTree = "<group>"; };
		8D4ADFFA1A3098FC00ED02DD /* main.m */ = {isa = PBXFileReference; lastKnownFileType = sourcecode.c.objc; path = main.m; sourceTree = "<group>"; };
		8D4ADFFC1A3098FC00ED02DD /* AppDelegate.h */ = {isa = PBXFileReference; lastKnownFileType = sourcecode.c.h; path = AppDelegate.h; sourceTree = "<group>"; };
		8D4ADFFD1A3098FC00ED02DD /* AppDelegate.m */ = {isa = PBXFileReference; lastKnownFileType = sourcecode.c.objc; path = AppDelegate.m; sourceTree = "<group>"; };
		8D4ADFFF1A3098FC00ED02DD /* TextViewController.h */ = {isa = PBXFileReference; lastKnownFileType = sourcecode.c.h; path = TextViewController.h; sourceTree = "<group>"; };
		8D4AE0001A3098FC00ED02DD /* TextViewController.m */ = {isa = PBXFileReference; lastKnownFileType = sourcecode.c.objc; path = TextViewController.m; sourceTree = "<group>"; };
		8D4AE0031A3098FC00ED02DD /* Base */ = {isa = PBXFileReference; lastKnownFileType = file.storyboard; name = Base; path = Base.lproj/Main.storyboard; sourceTree = "<group>"; };
		8D4AE0051A3098FC00ED02DD /* Images.xcassets */ = {isa = PBXFileReference; lastKnownFileType = folder.assetcatalog; path = Images.xcassets; sourceTree = "<group>"; };
		8D4AE0081A3098FC00ED02DD /* Base */ = {isa = PBXFileReference; lastKnownFileType = file.xib; name = Base; path = Base.lproj/LaunchScreen.xib; sourceTree = "<group>"; };
		8D4AE00E1A3098FC00ED02DD /* copipechanTests.xctest */ = {isa = PBXFileReference; explicitFileType = wrapper.cfbundle; includeInIndex = 0; path = copipechanTests.xctest; sourceTree = BUILT_PRODUCTS_DIR; };
		8D4AE0131A3098FC00ED02DD /* Info.plist */ = {isa = PBXFileReference; lastKnownFileType = text.plist.xml; path = Info.plist; sourceTree = "<group>"; };
		8D4AE0141A3098FC00ED02DD /* copipechanTests.m */ = {isa = PBXFileReference; lastKnownFileType = sourcecode.c.objc; path = copipechanTests.m; sourceTree = "<group>"; };
		8D4AE01E1A30A0D000ED02DD /* TextManager.h */ = {isa = PBXFileReference; fileEncoding = 4; lastKnownFileType = sourcecode.c.h; path = TextManager.h; sourceTree = "<group>"; };
		8D4AE01F1A30A0D000ED02DD /* TextManager.m */ = {isa = PBXFileReference; fileEncoding = 4; lastKnownFileType = sourcecode.c.objc; path = TextManager.m; sourceTree = "<group>"; };
		8D4AE0211A30B93C00ED02DD /* MobileCoreServices.framework */ = {isa = PBXFileReference; lastKnownFileType = wrapper.framework; name = MobileCoreServices.framework; path = System/Library/Frameworks/MobileCoreServices.framework; sourceTree = SDKROOT; };
/* End PBXFileReference section */

/* Begin PBXFrameworksBuildPhase section */
		8D4ADFF21A3098FB00ED02DD /* Frameworks */ = {
			isa = PBXFrameworksBuildPhase;
			buildActionMask = 2147483647;
			files = (
			);
			runOnlyForDeploymentPostprocessing = 0;
		};
		8D4AE00B1A3098FC00ED02DD /* Frameworks */ = {
			isa = PBXFrameworksBuildPhase;
			buildActionMask = 2147483647;
			files = (
			);
			runOnlyForDeploymentPostprocessing = 0;
		};
/* End PBXFrameworksBuildPhase section */

/* Begin PBXGroup section */
		8D4ADFEC1A3098FB00ED02DD = {
			isa = PBXGroup;
			children = (
				8D4AE0211A30B93C00ED02DD /* MobileCoreServices.framework */,
				8D4ADFF71A3098FC00ED02DD /* copipechan */,
				8D4AE0111A3098FC00ED02DD /* copipechanTests */,
				8D4ADFF61A3098FC00ED02DD /* Products */,
			);
			sourceTree = "<group>";
		};
		8D4ADFF61A3098FC00ED02DD /* Products */ = {
			isa = PBXGroup;
			children = (
				8D4ADFF51A3098FC00ED02DD /* copipechan.app */,
				8D4AE00E1A3098FC00ED02DD /* copipechanTests.xctest */,
			);
			name = Products;
			sourceTree = "<group>";
		};
		8D4ADFF71A3098FC00ED02DD /* copipechan */ = {
			isa = PBXGroup;
			children = (
				8D4ADFFC1A3098FC00ED02DD /* AppDelegate.h */,
				8D4ADFFD1A3098FC00ED02DD /* AppDelegate.m */,
				8D4AE0021A3098FC00ED02DD /* Main.storyboard */,
				8D4ADFFF1A3098FC00ED02DD /* TextViewController.h */,
				8D4AE0001A3098FC00ED02DD /* TextViewController.m */,
				8D4AE01E1A30A0D000ED02DD /* TextManager.h */,
				8D4AE01F1A30A0D000ED02DD /* TextManager.m */,
				8D4AE0051A3098FC00ED02DD /* Images.xcassets */,
				8D4AE0071A3098FC00ED02DD /* LaunchScreen.xib */,
				8D4ADFF81A3098FC00ED02DD /* Supporting Files */,
			);
			path = copipechan;
			sourceTree = "<group>";
		};
		8D4ADFF81A3098FC00ED02DD /* Supporting Files */ = {
			isa = PBXGroup;
			children = (
				8D4ADFF91A3098FC00ED02DD /* Info.plist */,
				8D4ADFFA1A3098FC00ED02DD /* main.m */,
			);
			name = "Supporting Files";
			sourceTree = "<group>";
		};
		8D4AE0111A3098FC00ED02DD /* copipechanTests */ = {
			isa = PBXGroup;
			children = (
				8D4AE0141A3098FC00ED02DD /* copipechanTests.m */,
				8D4AE0121A3098FC00ED02DD /* Supporting Files */,
			);
			path = copipechanTests;
			sourceTree = "<group>";
		};
		8D4AE0121A3098FC00ED02DD /* Supporting Files */ = {
			isa = PBXGroup;
			children = (
				8D4AE0131A3098FC00ED02DD /* Info.plist */,
			);
			name = "Supporting Files";
			sourceTree = "<group>";
		};
/* End PBXGroup section */

/* Begin PBXNativeTarget section */
		8D4ADFF41A3098FB00ED02DD /* copipechan */ = {
			isa = PBXNativeTarget;
			buildConfigurationList = 8D4AE0181A3098FC00ED02DD /* Build configuration list for PBXNativeTarget "copipechan" */;
			buildPhases = (
				8D4ADFF11A3098FB00ED02DD /* Sources */,
				8D4ADFF21A3098FB00ED02DD /* Frameworks */,
				8D4ADFF31A3098FB00ED02DD /* Resources */,
			);
			buildRules = (
			);
			dependencies = (
			);
			name = copipechan;
			productName = copipechan;
			productReference = 8D4ADFF51A3098FC00ED02DD /* copipechan.app */;
			productType = "com.apple.product-type.application";
		};
		8D4AE00D1A3098FC00ED02DD /* copipechanTests */ = {
			isa = PBXNativeTarget;
			buildConfigurationList = 8D4AE01B1A3098FC00ED02DD /* Build configuration list for PBXNativeTarget "copipechanTests" */;
			buildPhases = (
				8D4AE00A1A3098FC00ED02DD /* Sources */,
				8D4AE00B1A3098FC00ED02DD /* Frameworks */,
				8D4AE00C1A3098FC00ED02DD /* Resources */,
			);
			buildRules = (
			);
			dependencies = (
				8D4AE0101A3098FC00ED02DD /* PBXTargetDependency */,
			);
			name = copipechanTests;
			productName = copipechanTests;
			productReference = 8D4AE00E1A3098FC00ED02DD /* copipechanTests.xctest */;
			productType = "com.apple.product-type.bundle.unit-test";
		};
/* End PBXNativeTarget section */

/* Begin PBXProject section */
		8D4ADFED1A3098FB00ED02DD /* Project object */ = {
			isa = PBXProject;
			attributes = {
				LastUpgradeCheck = 0610;
				ORGANIZATIONNAME = yatemmma;
				TargetAttributes = {
					8D4ADFF41A3098FB00ED02DD = {
						CreatedOnToolsVersion = 6.1;
					};
					8D4AE00D1A3098FC00ED02DD = {
						CreatedOnToolsVersion = 6.1;
						TestTargetID = 8D4ADFF41A3098FB00ED02DD;
					};
				};
			};
			buildConfigurationList = 8D4ADFF01A3098FB00ED02DD /* Build configuration list for PBXProject "copipechan" */;
			compatibilityVersion = "Xcode 3.2";
			developmentRegion = English;
			hasScannedForEncodings = 0;
			knownRegions = (
				en,
				Base,
			);
			mainGroup = 8D4ADFEC1A3098FB00ED02DD;
			productRefGroup = 8D4ADFF61A3098FC00ED02DD /* Products */;
			projectDirPath = "";
			projectRoot = "";
			targets = (
				8D4ADFF41A3098FB00ED02DD /* copipechan */,
				8D4AE00D1A3098FC00ED02DD /* copipechanTests */,
			);
		};
/* End PBXProject section */

/* Begin PBXResourcesBuildPhase section */
		8D4ADFF31A3098FB00ED02DD /* Resources */ = {
			isa = PBXResourcesBuildPhase;
			buildActionMask = 2147483647;
			files = (
				8D4AE0041A3098FC00ED02DD /* Main.storyboard in Resources */,
				8D4AE0091A3098FC00ED02DD /* LaunchScreen.xib in Resources */,
				8D4AE0061A3098FC00ED02DD /* Images.xcassets in Resources */,
			);
			runOnlyForDeploymentPostprocessing = 0;
		};
		8D4AE00C1A3098FC00ED02DD /* Resources */ = {
			isa = PBXResourcesBuildPhase;
			buildActionMask = 2147483647;
			files = (
			);
			runOnlyForDeploymentPostprocessing = 0;
		};
/* End PBXResourcesBuildPhase section */

/* Begin PBXSourcesBuildPhase section */
		8D4ADFF11A3098FB00ED02DD /* Sources */ = {
			isa = PBXSourcesBuildPhase;
			buildActionMask = 2147483647;
			files = (
				8D4AE0201A30A0D000ED02DD /* TextManager.m in Sources */,
				8D4AE0011A3098FC00ED02DD /* TextViewController.m in Sources */,
				8D4ADFFE1A3098FC00ED02DD /* AppDelegate.m in Sources */,
				8D4ADFFB1A3098FC00ED02DD /* main.m in Sources */,
			);
			runOnlyForDeploymentPostprocessing = 0;
		};
		8D4AE00A1A3098FC00ED02DD /* Sources */ = {
			isa = PBXSourcesBuildPhase;
			buildActionMask = 2147483647;
			files = (
				8D4AE0151A3098FC00ED02DD /* copipechanTests.m in Sources */,
			);
			runOnlyForDeploymentPostprocessing = 0;
		};
/* End PBXSourcesBuildPhase section */

/* Begin PBXTargetDependency section */
		8D4AE0101A3098FC00ED02DD /* PBXTargetDependency */ = {
			isa = PBXTargetDependency;
			target = 8D4ADFF41A3098FB00ED02DD /* copipechan */;
			targetProxy = 8D4AE00F1A3098FC00ED02DD /* PBXContainerItemProxy */;
		};
/* End PBXTargetDependency section */

/* Begin PBXVariantGroup section */
		8D4AE0021A3098FC00ED02DD /* Main.storyboard */ = {
			isa = PBXVariantGroup;
			children = (
				8D4AE0031A3098FC00ED02DD /* Base */,
			);
			name = Main.storyboard;
			sourceTree = "<group>";
		};
		8D4AE0071A3098FC00ED02DD /* LaunchScreen.xib */ = {
			isa = PBXVariantGroup;
			children = (
				8D4AE0081A3098FC00ED02DD /* Base */,
			);
			name = LaunchScreen.xib;
			sourceTree = "<group>";
		};
/* End PBXVariantGroup section */

/* Begin XCBuildConfiguration section */
		8D4AE0161A3098FC00ED02DD /* Debug */ = {
			isa = XCBuildConfiguration;
			buildSettings = {
				ALWAYS_SEARCH_USER_PATHS = NO;
				CLANG_CXX_LANGUAGE_STANDARD = "gnu++0x";
				CLANG_CXX_LIBRARY = "libc++";
				CLANG_ENABLE_MODULES = YES;
				CLANG_ENABLE_OBJC_ARC = YES;
				CLANG_WARN_BOOL_CONVERSION = YES;
				CLANG_WARN_CONSTANT_CONVERSION = YES;
				CLANG_WARN_DIRECT_OBJC_ISA_USAGE = YES_ERROR;
				CLANG_WARN_EMPTY_BODY = YES;
				CLANG_WARN_ENUM_CONVERSION = YES;
				CLANG_WARN_INT_CONVERSION = YES;
				CLANG_WARN_OBJC_ROOT_CLASS = YES_ERROR;
				CLANG_WARN_UNREACHABLE_CODE = YES;
				CLANG_WARN__DUPLICATE_METHOD_MATCH = YES;
				"CODE_SIGN_IDENTITY[sdk=iphoneos*]" = "iPhone Developer";
				COPY_PHASE_STRIP = NO;
				ENABLE_STRICT_OBJC_MSGSEND = YES;
				GCC_C_LANGUAGE_STANDARD = gnu99;
				GCC_DYNAMIC_NO_PIC = NO;
				GCC_OPTIMIZATION_LEVEL = 0;
				GCC_PREPROCESSOR_DEFINITIONS = (
					"DEBUG=1",
					"$(inherited)",
				);
				GCC_SYMBOLS_PRIVATE_EXTERN = NO;
				GCC_WARN_64_TO_32_BIT_CONVERSION = YES;
				GCC_WARN_ABOUT_RETURN_TYPE = YES_ERROR;
				GCC_WARN_UNDECLARED_SELECTOR = YES;
				GCC_WARN_UNINITIALIZED_AUTOS = YES_AGGRESSIVE;
				GCC_WARN_UNUSED_FUNCTION = YES;
				GCC_WARN_UNUSED_VARIABLE = YES;
				IPHONEOS_DEPLOYMENT_TARGET = 6.1;
				MTL_ENABLE_DEBUG_INFO = YES;
				ONLY_ACTIVE_ARCH = YES;
				SDKROOT = iphoneos;
				TARGETED_DEVICE_FAMILY = "1,2";
			};
			name = Debug;
		};
		8D4AE0171A3098FC00ED02DD /* Release */ = {
			isa = XCBuildConfiguration;
			buildSettings = {
				ALWAYS_SEARCH_USER_PATHS = NO;
				CLANG_CXX_LANGUAGE_STANDARD = "gnu++0x";
				CLANG_CXX_LIBRARY = "libc++";
				CLANG_ENABLE_MODULES = YES;
				CLANG_ENABLE_OBJC_ARC = YES;
				CLANG_WARN_BOOL_CONVERSION = YES;
				CLANG_WARN_CONSTANT_CONVERSION = YES;
				CLANG_WARN_DIRECT_OBJC_ISA_USAGE = YES_ERROR;
				CLANG_WARN_EMPTY_BODY = YES;
				CLANG_WARN_ENUM_CONVERSION = YES;
				CLANG_WARN_INT_CONVERSION = YES;
				CLANG_WARN_OBJC_ROOT_CLASS = YES_ERROR;
				CLANG_WARN_UNREACHABLE_CODE = YES;
				CLANG_WARN__DUPLICATE_METHOD_MATCH = YES;
				"CODE_SIGN_IDENTITY[sdk=iphoneos*]" = "iPhone Developer";
				COPY_PHASE_STRIP = YES;
				ENABLE_NS_ASSERTIONS = NO;
				ENABLE_STRICT_OBJC_MSGSEND = YES;
				GCC_C_LANGUAGE_STANDARD = gnu99;
				GCC_WARN_64_TO_32_BIT_CONVERSION = YES;
				GCC_WARN_ABOUT_RETURN_TYPE = YES_ERROR;
				GCC_WARN_UNDECLARED_SELECTOR = YES;
				GCC_WARN_UNINITIALIZED_AUTOS = YES_AGGRESSIVE;
				GCC_WARN_UNUSED_FUNCTION = YES;
				GCC_WARN_UNUSED_VARIABLE = YES;
				IPHONEOS_DEPLOYMENT_TARGET = 6.1;
				MTL_ENABLE_DEBUG_INFO = NO;
				SDKROOT = iphoneos;
				TARGETED_DEVICE_FAMILY = "1,2";
				VALIDATE_PRODUCT = YES;
			};
			name = Release;
		};
		8D4AE0191A3098FC00ED02DD /* Debug */ = {
			isa = XCBuildConfiguration;
			buildSettings = {
				ASSETCATALOG_COMPILER_APPICON_NAME = AppIcon;
				INFOPLIST_FILE = copipechan/Info.plist;
				IPHONEOS_DEPLOYMENT_TARGET = 6.1;
				LD_RUNPATH_SEARCH_PATHS = "$(inherited) @executable_path/Frameworks";
				PRODUCT_NAME = "$(TARGET_NAME)";
			};
			name = Debug;
		};
		8D4AE01A1A3098FC00ED02DD /* Release */ = {
			isa = XCBuildConfiguration;
			buildSettings = {
				ASSETCATALOG_COMPILER_APPICON_NAME = AppIcon;
				INFOPLIST_FILE = copipechan/Info.plist;
				IPHONEOS_DEPLOYMENT_TARGET = 6.1;
				LD_RUNPATH_SEARCH_PATHS = "$(inherited) @executable_path/Frameworks";
				PRODUCT_NAME = "$(TARGET_NAME)";
			};
			name = Release;
		};
		8D4AE01C1A3098FC00ED02DD /* Debug */ = {
			isa = XCBuildConfiguration;
			buildSettings = {
				BUNDLE_LOADER = "$(TEST_HOST)";
				FRAMEWORK_SEARCH_PATHS = (
					"$(SDKROOT)/Developer/Library/Frameworks",
					"$(inherited)",
				);
				GCC_PREPROCESSOR_DEFINITIONS = (
					"DEBUG=1",
					"$(inherited)",
				);
				INFOPLIST_FILE = copipechanTests/Info.plist;
				LD_RUNPATH_SEARCH_PATHS = "$(inherited) @executable_path/Frameworks @loader_path/Frameworks";
				PRODUCT_NAME = "$(TARGET_NAME)";
				TEST_HOST = "$(BUILT_PRODUCTS_DIR)/copipechan.app/copipechan";
			};
			name = Debug;
		};
		8D4AE01D1A3098FC00ED02DD /* Release */ = {
			isa = XCBuildConfiguration;
			buildSettings = {
				BUNDLE_LOADER = "$(TEST_HOST)";
				FRAMEWORK_SEARCH_PATHS = (
					"$(SDKROOT)/Developer/Library/Frameworks",
					"$(inherited)",
				);
				INFOPLIST_FILE = copipechanTests/Info.plist;
				LD_RUNPATH_SEARCH_PATHS = "$(inherited) @executable_path/Frameworks @loader_path/Frameworks";
				PRODUCT_NAME = "$(TARGET_NAME)";
				TEST_HOST = "$(BUILT_PRODUCTS_DIR)/copipechan.app/copipechan";
			};
			name = Release;
		};
/* End XCBuildConfiguration section */

/* Begin XCConfigurationList section */
		8D4ADFF01A3098FB00ED02DD /* Build configuration list for PBXProject "copipechan" */ = {
			isa = XCConfigurationList;
			buildConfigurations = (
				8D4AE0161A3098FC00ED02DD /* Debug */,
				8D4AE0171A3098FC00ED02DD /* Release */,
			);
			defaultConfigurationIsVisible = 0;
			defaultConfigurationName = Release;
		};
		8D4AE0181A3098FC00ED02DD /* Build configuration list for PBXNativeTarget "copipechan" */ = {
			isa = XCConfigurationList;
			buildConfigurations = (
				8D4AE0191A3098FC00ED02DD /* Debug */,
				8D4AE01A1A3098FC00ED02DD /* Release */,
			);
			defaultConfigurationIsVisible = 0;
		};
		8D4AE01B1A3098FC00ED02DD /* Build configuration list for PBXNativeTarget "copipechanTests" */ = {
			isa = XCConfigurationList;
			buildConfigurations = (
				8D4AE01C1A3098FC00ED02DD /* Debug */,
				8D4AE01D1A3098FC00ED02DD /* Release */,
			);
			defaultConfigurationIsVisible = 0;
		};
/* End XCConfigurationList section */
	};
	rootObject = 8D4ADFED1A3098FB00ED02DD /* Project object */;
}
